
Microsoft Visual Studio Solution File, Format Version 12.00
# Visual Studio Version 16
VisualStudioVersion = 16.0.30907.101
MinimumVisualStudioVersion = 10.0.40219.1
Project("{2150E333-8FDC-42A3-9474-1A3956D46DE8}") = "01 - UI", "01 - UI", "{A0B94959-9AF9-4B29-9F77-F28ACF8C36A4}"
EndProject
Project("{2150E333-8FDC-42A3-9474-1A3956D46DE8}") = "02 - WebAPI", "02 - WebAPI", "{CCC88524-E75E-4E4E-8CCE-00A488A6DDBE}"
EndProject
Project("{2150E333-8FDC-42A3-9474-1A3956D46DE8}") = "03 - Services", "03 - Services", "{D21238A5-7EDF-4C61-AE69-411558BADE58}"
EndProject
Project("{2150E333-8FDC-42A3-9474-1A3956D46DE8}") = "04 - Domain", "04 - Domain", "{24E85F83-C55C-41C9-B417-CB33DC88880F}"
EndProject
Project("{2150E333-8FDC-42A3-9474-1A3956D46DE8}") = "05 - Infra", "05 - Infra", "{D6CA012B-ABB7-4A90-B052-2053D3803FDF}"
EndProject
Project("{2150E333-8FDC-42A3-9474-1A3956D46DE8}") = "05.1 - Data", "05.1 - Data", "{FB0C64BA-6A45-4A9A-A4CF-AE6C7E53819F}"
EndProject
Project("{2150E333-8FDC-42A3-9474-1A3956D46DE8}") = "05.2 - CrossCutting", "05.2 - CrossCutting", "{18170C27-10A0-4015-83C7-40A7BCE98F7E}"
EndProject
Project("{FAE04EC0-301F-11D3-BF4B-00C04F79EFBC}") = "Aula.Infra.Util", "src\Aula.Infra.Util\Aula.Infra.Util.csproj", "{090DE7F4-437D-4FC7-A071-F1FEF345337A}"
EndProject
Project("{FAE04EC0-301F-11D3-BF4B-00C04F79EFBC}") = "Aula.Infra.Data", "src\Aula.Infra.Data\Aula.Infra.Data.csproj", "{7AF1728C-7CF6-47BD-9489-184300FA70FF}"
EndProject
Project("{2150E333-8FDC-42A3-9474-1A3956D46DE8}") = "05.3 - IoC", "05.3 - IoC", "{17252B78-5CDF-475A-A391-1A4BDFB4FDAD}"
EndProject
Project("{FAE04EC0-301F-11D3-BF4B-00C04F79EFBC}") = "Aula.Infra.IoC", "src\Aula.Infra.IoC\Aula.Infra.IoC.csproj", "{A12852A6-888D-4F7E-A0E7-6461EBEBB44F}"
EndProject
Project("{FAE04EC0-301F-11D3-BF4B-00C04F79EFBC}") = "Aula.Domain", "src\Aula.Domain\Aula.Domain.csproj", "{2DA80B69-C59F-426C-9A7C-3A9F50134C48}"
EndProject
Project("{FAE04EC0-301F-11D3-BF4B-00C04F79EFBC}") = "Aula.Services", "src\Aula.Services\Aula.Services.csproj", "{CC61ECE3-E503-48F0-8360-EFF3AA00CCD5}"
EndProject
Project("{FAE04EC0-301F-11D3-BF4B-00C04F79EFBC}") = "Aula.WebAPI", "src\Aula.WebAPI\Aula.WebAPI.csproj", "{EEC796F1-D758-4907-9C73-A7D2BCDEE08A}"
EndProject
Project("{FAE04EC0-301F-11D3-BF4B-00C04F79EFBC}") = "Aula.Painel", "src\Aula.Painel\Aula.Painel.csproj", "{417C015E-22F5-4A69-85DA-679AF8B78006}"
EndProject
Global
	GlobalSection(SolutionConfigurationPlatforms) = preSolution
		Debug|Any CPU = Debug|Any CPU
		Release|Any CPU = Release|Any CPU
	EndGlobalSection
	GlobalSection(ProjectConfigurationPlatforms) = postSolution
		{090DE7F4-437D-4FC7-A071-F1FEF345337A}.Debug|Any CPU.ActiveCfg = Debug|Any CPU
		{090DE7F4-437D-4FC7-A071-F1FEF345337A}.Debug|Any CPU.Build.0 = Debug|Any CPU
		{090DE7F4-437D-4FC7-A071-F1FEF345337A}.Release|Any CPU.ActiveCfg = Release|Any CPU
		{090DE7F4-437D-4FC7-A071-F1FEF345337A}.Release|Any CPU.Build.0 = Release|Any CPU
		{7AF1728C-7CF6-47BD-9489-184300FA70FF}.Debug|Any CPU.ActiveCfg = Debug|Any CPU
		{7AF1728C-7CF6-47BD-9489-184300FA70FF}.Debug|Any CPU.Build.0 = Debug|Any CPU
		{7AF1728C-7CF6-47BD-9489-184300FA70FF}.Release|Any CPU.ActiveCfg = Release|Any CPU
		{7AF1728C-7CF6-47BD-9489-184300FA70FF}.Release|Any CPU.Build.0 = Release|Any CPU
		{A12852A6-888D-4F7E-A0E7-6461EBEBB44F}.Debug|Any CPU.ActiveCfg = Debug|Any CPU
		{A12852A6-888D-4F7E-A0E7-6461EBEBB44F}.Debug|Any CPU.Build.0 = Debug|Any CPU
		{A12852A6-888D-4F7E-A0E7-6461EBEBB44F}.Release|Any CPU.ActiveCfg = Release|Any CPU
		{A12852A6-888D-4F7E-A0E7-6461EBEBB44F}.Release|Any CPU.Build.0 = Release|Any CPU
		{2DA80B69-C59F-426C-9A7C-3A9F50134C48}.Debug|Any CPU.ActiveCfg = Debug|Any CPU
		{2DA80B69-C59F-426C-9A7C-3A9F50134C48}.Debug|Any CPU.Build.0 = Debug|Any CPU
		{2DA80B69-C59F-426C-9A7C-3A9F50134C48}.Release|Any CPU.ActiveCfg = Release|Any CPU
		{2DA80B69-C59F-426C-9A7C-3A9F50134C48}.Release|Any CPU.Build.0 = Release|Any CPU
		{CC61ECE3-E503-48F0-8360-EFF3AA00CCD5}.Debug|Any CPU.ActiveCfg = Debug|Any CPU
		{CC61ECE3-E503-48F0-8360-EFF3AA00CCD5}.Debug|Any CPU.Build.0 = Debug|Any CPU
		{CC61ECE3-E503-48F0-8360-EFF3AA00CCD5}.Release|Any CPU.ActiveCfg = Release|Any CPU
		{CC61ECE3-E503-48F0-8360-EFF3AA00CCD5}.Release|Any CPU.Build.0 = Release|Any CPU
		{EEC796F1-D758-4907-9C73-A7D2BCDEE08A}.Debug|Any CPU.ActiveCfg = Debug|Any CPU
		{EEC796F1-D758-4907-9C73-A7D2BCDEE08A}.Debug|Any CPU.Build.0 = Debug|Any CPU
		{EEC796F1-D758-4907-9C73-A7D2BCDEE08A}.Release|Any CPU.ActiveCfg = Release|Any CPU
		{EEC796F1-D758-4907-9C73-A7D2BCDEE08A}.Release|Any CPU.Build.0 = Release|Any CPU
		{417C015E-22F5-4A69-85DA-679AF8B78006}.Debug|Any CPU.ActiveCfg = Debug|Any CPU
		{417C015E-22F5-4A69-85DA-679AF8B78006}.Debug|Any CPU.Build.0 = Debug|Any CPU
		{417C015E-22F5-4A69-85DA-679AF8B78006}.Release|Any CPU.ActiveCfg = Release|Any CPU
		{417C015E-22F5-4A69-85DA-679AF8B78006}.Release|Any CPU.Build.0 = Release|Any CPU
	EndGlobalSection
	GlobalSection(SolutionProperties) = preSolution
		HideSolutionNode = FALSE
	EndGlobalSection
	GlobalSection(NestedProjects) = preSolution
		{FB0C64BA-6A45-4A9A-A4CF-AE6C7E53819F} = {D6CA012B-ABB7-4A90-B052-2053D3803FDF}
		{18170C27-10A0-4015-83C7-40A7BCE98F7E} = {D6CA012B-ABB7-4A90-B052-2053D3803FDF}
		{090DE7F4-437D-4FC7-A071-F1FEF345337A} = {18170C27-10A0-4015-83C7-40A7BCE98F7E}
		{7AF1728C-7CF6-47BD-9489-184300FA70FF} = {FB0C64BA-6A45-4A9A-A4CF-AE6C7E53819F}
		{17252B78-5CDF-475A-A391-1A4BDFB4FDAD} = {D6CA012B-ABB7-4A90-B052-2053D3803FDF}
		{A12852A6-888D-4F7E-A0E7-6461EBEBB44F} = {17252B78-5CDF-475A-A391-1A4BDFB4FDAD}
		{2DA80B69-C59F-426C-9A7C-3A9F50134C48} = {24E85F83-C55C-41C9-B417-CB33DC88880F}
		{CC61ECE3-E503-48F0-8360-EFF3AA00CCD5} = {D21238A5-7EDF-4C61-AE69-411558BADE58}
		{EEC796F1-D758-4907-9C73-A7D2BCDEE08A} = {CCC88524-E75E-4E4E-8CCE-00A488A6DDBE}
		{417C015E-22F5-4A69-85DA-679AF8B78006} = {A0B94959-9AF9-4B29-9F77-F28ACF8C36A4}
	EndGlobalSection
	GlobalSection(ExtensibilityGlobals) = postSolution
		SolutionGuid = {235EB49E-7C9D-4557-8FC9-853DC976A53B}
	EndGlobalSection
EndGlobal
